{
  "name": "trader-control-panel",
  "version": "0.1.0",
  "lockfileVersion": 3,
  "requires": true,
  "packages": {
    "": {
      "name": "trader-control-panel",
      "version": "0.1.0",
      "dependencies": {
        "klinecharts": "9.8.12"
      }
    },
    "node_modules/klinecharts": {
      "version": "9.8.12",
      "resolved": "https://registry.npmjs.org/klinecharts/-/klinecharts-9.8.12.tgz",
      "integrity": "sha512-yKLWMliwwIsiQsAI8geNOkE8P6SFsvaa0leX2isgB4Y1SvM3tS6Y9pe7ZbKkiLtOE0P0W9W9wb0M2wH0xAPG7w==",
      "license": "Apache-2.0",
      "engines": {
        "node": ">=0.10.0"
      }
    }
  }
}
